lockfileVersion: '9.0'

settings:
  autoInstallPeers: true
  excludeLinksFromLockfile: false

importers:

  .:
    dependencies:
      lucide:
        specifier: ^0.482.0
        version: 0.482.0

packages:

  lucide@0.482.0:
    resolution: {integrity: sha512-drJOzPud1QGiCgnkhUBuSKvShaD6LJovgKtHDJfvqKrzA0osfU284rymlXxjVWlp5A+S8JiCcIfgENvXlKsO7Q==}

snapshots:

  lucide@0.482.0: {}
